
Microsoft Visual Studio Solution File, Format Version 12.00
# Visual Studio Version 16
VisualStudioVersion = 16.0.31729.503
MinimumVisualStudioVersion = 10.0.40219.1
Project("{FAE04EC0-301F-11D3-BF4B-00C04F79EFBC}") = "CalculatorProgram", "Calculator\CalculatorProgram.csproj", "{7C674D1E-49AE-4324-BC24-C2B3A645EDBF}"
EndProject
Project("{FAE04EC0-301F-11D3-BF4B-00C04F79EFBC}") = "CalculatorLibrary", "src\CalculatorLibrary\CalculatorLibrary.csproj", "{B47F9888-61DA-469B-BCAA-D3BCDECE226D}"
EndProject
Global
	GlobalSection(SolutionConfigurationPlatforms) = preSolution
		Debug|Any CPU = Debug|Any CPU
		Release|Any CPU = Release|Any CPU
	EndGlobalSection
	GlobalSection(ProjectConfigurationPlatforms) = postSolution
		{7C674D1E-49AE-4324-BC24-C2B3A645EDBF}.Debug|Any CPU.ActiveCfg = Debug|Any CPU
		{7C674D1E-49AE-4324-BC24-C2B3A645EDBF}.Debug|Any CPU.Build.0 = Debug|Any CPU
		{7C674D1E-49AE-4324-BC24-C2B3A645EDBF}.Release|Any CPU.ActiveCfg = Release|Any CPU
		{7C674D1E-49AE-4324-BC24-C2B3A645EDBF}.Release|Any CPU.Build.0 = Release|Any CPU
		{B47F9888-61DA-469B-BCAA-D3BCDECE226D}.Debug|Any CPU.ActiveCfg = Debug|Any CPU
		{B47F9888-61DA-469B-BCAA-D3BCDECE226D}.Debug|Any CPU.Build.0 = Debug|Any CPU
		{B47F9888-61DA-469B-BCAA-D3BCDECE226D}.Release|Any CPU.ActiveCfg = Release|Any CPU
		{B47F9888-61DA-469B-BCAA-D3BCDECE226D}.Release|Any CPU.Build.0 = Release|Any CPU
	EndGlobalSection
	GlobalSection(SolutionProperties) = preSolution
		HideSolutionNode = FALSE
	EndGlobalSection
	GlobalSection(ExtensibilityGlobals) = postSolution
		SolutionGuid = {8E96950B-8634-47B5-860E-532862136754}
	EndGlobalSection
EndGlobal
